{
    "version": 3,
    "terraform_version": "0.11.10",
    "serial": 8,
    "lineage": "7d5acdea-8f4a-ffc7-59fa-594aae270da7",
    "modules": [
        {
            "path": [
                "root"
            ],
            "outputs": {},
            "resources": {
                "aws_subnet.ecs_subnet": {
                    "type": "aws_subnet",
                    "depends_on": [
                        "aws_vpc.ecs_vpc",
                        "data.aws_availability_zones.subnet_azs"
                    ],
                    "primary": {
                        "id": "subnet-0f4a57bd2883e1976",
                        "attributes": {
                            "arn": "arn:aws:ec2:us-west-1:178877070406:subnet/subnet-0f4a57bd2883e1976",
                            "assign_ipv6_address_on_creation": "false",
                            "availability_zone": "us-west-1b",
                            "availability_zone_id": "usw1-az3",
                            "cidr_block": "10.0.1.0/24",
                            "id": "subnet-0f4a57bd2883e1976",
                            "ipv6_cidr_block": "",
                            "ipv6_cidr_block_association_id": "",
                            "map_public_ip_on_launch": "false",
                            "owner_id": "178877070406",
                            "tags.%": "1",
                            "tags.Name": "ecs_subnet",
                            "vpc_id": "vpc-0ae50f2572aaf5b56"
                        },
                        "meta": {
                            "e2bfb730-ecaa-11e6-8f88-34363bc7c4c0": {
                                "create": 600000000000,
                                "delete": 600000000000
                            },
                            "schema_version": "1"
                        },
                        "tainted": false
                    },
                    "deposed": [],
                    "provider": "provider.aws"
                },
                "aws_vpc.ecs_vpc": {
                    "type": "aws_vpc",
                    "depends_on": [],
                    "primary": {
                        "id": "vpc-0ae50f2572aaf5b56",
                        "attributes": {
                            "arn": "arn:aws:ec2:us-west-1:178877070406:vpc/vpc-0ae50f2572aaf5b56",
                            "assign_generated_ipv6_cidr_block": "false",
                            "cidr_block": "10.0.0.0/16",
                            "default_network_acl_id": "acl-0fe9f1c98538df217",
                            "default_route_table_id": "rtb-0a8f3f4d743fba7cc",
                            "default_security_group_id": "sg-0c1f138f699ab2c13",
                            "dhcp_options_id": "dopt-27db8b40",
                            "enable_classiclink": "false",
                            "enable_classiclink_dns_support": "false",
                            "enable_dns_hostnames": "false",
                            "enable_dns_support": "true",
                            "id": "vpc-0ae50f2572aaf5b56",
                            "instance_tenancy": "default",
                            "ipv6_association_id": "",
                            "ipv6_cidr_block": "",
                            "main_route_table_id": "rtb-0a8f3f4d743fba7cc",
                            "owner_id": "178877070406",
                            "tags.%": "1",
                            "tags.Name": "ecs_vpc"
                        },
                        "meta": {
                            "schema_version": "1"
                        },
                        "tainted": false
                    },
                    "deposed": [],
                    "provider": "provider.aws"
                },
                "data.aws_availability_zones.subnet_azs": {
                    "type": "aws_availability_zones",
                    "depends_on": [],
                    "primary": {
                        "id": "2019-01-01 19:50:38.5763889 +0000 UTC",
                        "attributes": {
                            "id": "2019-01-01 19:50:38.5763889 +0000 UTC",
                            "names.#": "2",
                            "names.0": "us-west-1b",
                            "names.1": "us-west-1c",
                            "zone_ids.#": "2",
                            "zone_ids.0": "usw1-az3",
                            "zone_ids.1": "usw1-az1"
                        },
                        "meta": {},
                        "tainted": false
                    },
                    "deposed": [],
                    "provider": "provider.aws"
                }
            },
            "depends_on": []
        }
    ]
}
